
Microsoft Visual Studio Solution File, Format Version 12.00
# Visual Studio Version 17
VisualStudioVersion = 17.14.36212.18 d17.14
MinimumVisualStudioVersion = 10.0.40219.1
Project("{FAE04EC0-301F-11D3-BF4B-00C04F79EFBC}") = "Ecommerce Gamestop", "Ecommerce Gamestop\Ecommerce Gamestop.csproj", "{AD13F39B-98A0-464C-9FC0-8095B7CD5E63}"
EndProject
Global
	GlobalSection(SolutionConfigurationPlatforms) = preSolution
		Debug|Any CPU = Debug|Any CPU
		Release|Any CPU = Release|Any CPU
	EndGlobalSection
	GlobalSection(ProjectConfigurationPlatforms) = postSolution
		{AD13F39B-98A0-464C-9FC0-8095B7CD5E63}.Debug|Any CPU.ActiveCfg = Debug|Any CPU
		{AD13F39B-98A0-464C-9FC0-8095B7CD5E63}.Debug|Any CPU.Build.0 = Debug|Any CPU
		{AD13F39B-98A0-464C-9FC0-8095B7CD5E63}.Release|Any CPU.ActiveCfg = Release|Any CPU
		{AD13F39B-98A0-464C-9FC0-8095B7CD5E63}.Release|Any CPU.Build.0 = Release|Any CPU
	EndGlobalSection
	GlobalSection(SolutionProperties) = preSolution
		HideSolutionNode = FALSE
	EndGlobalSection
	GlobalSection(ExtensibilityGlobals) = postSolution
		SolutionGuid = {5E089EE3-F2AA-4EA3-98C8-85657D15DA18}
	EndGlobalSection
EndGlobal
